{
  "name": "ts-incremental-repro",
  "version": "1.0.0",
  "lockfileVersion": 3,
  "requires": true,
  "packages": {
    "": {
      "name": "ts-incremental-repro",
      "version": "1.0.0",
      "workspaces": [
        "a",
        "b"
      ],
      "devDependencies": {
        "@typescript/native-preview": "7.0.0-dev.20260209.1",
        "typescript": "5.9.3"
      }
    },
    "a": {
      "version": "1.0.0"
    },
    "b": {
      "version": "1.0.0",
      "dependencies": {
        "a": "*"
      }
    },
    "node_modules/@typescript/native-preview": {
      "version": "7.0.0-dev.20260209.1",
      "resolved": "https://registry.npmjs.org/@typescript/native-preview/-/native-preview-7.0.0-dev.20260209.1.tgz",
      "integrity": "sha512-UdA8RC9ic/qi9ajolQQP7ZG8YwtUbxtTMu6FxKBn4pYWicuXqMjzXqH/Ng+VlqqeYrl088P4Ou0erGPuLu4ajw==",
      "dev": true,
      "license": "Apache-2.0",
      "bin": {
        "tsgo": "bin/tsgo.js"
      },
      "optionalDependencies": {
        "@typescript/native-preview-darwin-arm64": "7.0.0-dev.20260209.1",
        "@typescript/native-preview-darwin-x64": "7.0.0-dev.20260209.1",
        "@typescript/native-preview-linux-arm": "7.0.0-dev.20260209.1",
        "@typescript/native-preview-linux-arm64": "7.0.0-dev.20260209.1",
        "@typescript/native-preview-linux-x64": "7.0.0-dev.20260209.1",
        "@typescript/native-preview-win32-arm64": "7.0.0-dev.20260209.1",
        "@typescript/native-preview-win32-x64": "7.0.0-dev.20260209.1"
      }
    },
    "node_modules/@typescript/native-preview-darwin-arm64": {
      "version": "7.0.0-dev.20260209.1",
      "resolved": "https://registry.npmjs.org/@typescript/native-preview-darwin-arm64/-/native-preview-darwin-arm64-7.0.0-dev.20260209.1.tgz",
      "integrity": "sha512-TyFP7dGMo/Xz37MI3QNfGl3J2i8AKurYwLLD+bG0EDLWnz213wwBwN6U9vMcyatBzfdxKEHHPgdNP0UYCVx3kQ==",
      "cpu": [
        "arm64"
      ],
      "dev": true,
      "license": "Apache-2.0",
      "optional": true,
      "os": [
        "darwin"
      ]
    },
    "node_modules/@typescript/native-preview-darwin-x64": {
      "version": "7.0.0-dev.20260209.1",
      "resolved": "https://registry.npmjs.org/@typescript/native-preview-darwin-x64/-/native-preview-darwin-x64-7.0.0-dev.20260209.1.tgz",
      "integrity": "sha512-1Dr8toDQcmqKjXd5cQoTAjzMR46cscaojQiazbAPJsU/1PQFgBT36/Mb/epLpzN+ZKKgf7Xd6u2eqH2ze0kF6Q==",
      "cpu": [
        "x64"
      ],
      "dev": true,
      "license": "Apache-2.0",
      "optional": true,
      "os": [
        "darwin"
      ]
    },
    "node_modules/@typescript/native-preview-linux-arm": {
      "version": "7.0.0-dev.20260209.1",
      "resolved": "https://registry.npmjs.org/@typescript/native-preview-linux-arm/-/native-preview-linux-arm-7.0.0-dev.20260209.1.tgz",
      "integrity": "sha512-svmoHHjs5gDekSDW6yLzk9iyDxhMnLKJZ9Xk6b1bSz0swrQNPPTJdR7mbhVMrv4HtXei0LHPlXdTr85AqI5qOQ==",
      "cpu": [
        "arm"
      ],
      "dev": true,
      "license": "Apache-2.0",
      "optional": true,
      "os": [
        "linux"
      ]
    },
    "node_modules/@typescript/native-preview-linux-arm64": {
      "version": "7.0.0-dev.20260209.1",
      "resolved": "https://registry.npmjs.org/@typescript/native-preview-linux-arm64/-/native-preview-linux-arm64-7.0.0-dev.20260209.1.tgz",
      "integrity": "sha512-xmGrxP0ERLeczerjJtask6gOln/QhAeELqTmaNoATvU7hZfEzDDxJOgSXZnX6bCIQHdN/Xn49gsyPjzTaK4rAg==",
      "cpu": [
        "arm64"
      ],
      "dev": true,
      "license": "Apache-2.0",
      "optional": true,
      "os": [
        "linux"
      ]
    },
    "node_modules/@typescript/native-preview-linux-x64": {
      "version": "7.0.0-dev.20260209.1",
      "resolved": "https://registry.npmjs.org/@typescript/native-preview-linux-x64/-/native-preview-linux-x64-7.0.0-dev.20260209.1.tgz",
      "integrity": "sha512-cK4XK3L7TXPj9fIalQcXRqSErdM+pZSqiNgp6QtNsNCyoH2W6J281hnjUA4TmD4TRMSn8CRn7Exy3CGNC3gZkA==",
      "cpu": [
        "x64"
      ],
      "dev": true,
      "license": "Apache-2.0",
      "optional": true,
      "os": [
        "linux"
      ]
    },
    "node_modules/@typescript/native-preview-win32-arm64": {
      "version": "7.0.0-dev.20260209.1",
      "resolved": "https://registry.npmjs.org/@typescript/native-preview-win32-arm64/-/native-preview-win32-arm64-7.0.0-dev.20260209.1.tgz",
      "integrity": "sha512-U919FWN5FZG/1i75+Cv9mnd80Mw2rdFE/to/wJ6DX9m0dUL8IfZARQYPGDXDO1LEC6sV3CyCpCJ/HqsSkqgaAg==",
      "cpu": [
        "arm64"
      ],
      "dev": true,
      "license": "Apache-2.0",
      "optional": true,
      "os": [
        "win32"
      ]
    },
    "node_modules/@typescript/native-preview-win32-x64": {
      "version": "7.0.0-dev.20260209.1",
      "resolved": "https://registry.npmjs.org/@typescript/native-preview-win32-x64/-/native-preview-win32-x64-7.0.0-dev.20260209.1.tgz",
      "integrity": "sha512-1U/2fG/A1yZtkP59IkDlOVLw2cPtP6NbLROtTytNN0CLSqme+0OXoh+l7wlN2iSmGY5zIeaVcqs4UIL0SiQInQ==",
      "cpu": [
        "x64"
      ],
      "dev": true,
      "license": "Apache-2.0",
      "optional": true,
      "os": [
        "win32"
      ]
    },
    "node_modules/a": {
      "resolved": "a",
      "link": true
    },
    "node_modules/b": {
      "resolved": "b",
      "link": true
    },
    "node_modules/typescript": {
      "version": "5.9.3",
      "resolved": "https://registry.npmjs.org/typescript/-/typescript-5.9.3.tgz",
      "integrity": "sha512-jl1vZzPDinLr9eUt3J/t7V6FgNEw9QjvBPdysz9KfQDD41fQrC2Y4vKQdiaUpFT4bXlb1RHhLpp8wtm6M5TgSw==",
      "dev": true,
      "license": "Apache-2.0",
      "bin": {
        "tsc": "bin/tsc",
        "tsserver": "bin/tsserver"
      },
      "engines": {
        "node": ">=14.17"
      }
    }
  }
}
